
Microsoft Visual Studio Solution File, Format Version 12.00
# Visual Studio Version 16
VisualStudioVersion = 16.0.30413.136
MinimumVisualStudioVersion = 10.0.40219.1
Project("{9A19103F-16F7-4668-BE54-9A1E7A4F7556}") = "FoodTime.API", "FoodTime.API.csproj", "{73C91DE8-492A-4D07-8EF0-7CEB372037D6}"
EndProject
Project("{9A19103F-16F7-4668-BE54-9A1E7A4F7556}") = "FoodTime.Domain", "..\FoodTime.Domain\FoodTime.Domain.csproj", "{8C381EF8-5B31-48CC-A20C-9958AB1714FF}"
EndProject
Project("{9A19103F-16F7-4668-BE54-9A1E7A4F7556}") = "FoodTime.Infrastructure", "..\FoodTime.Infrastructure\FoodTime.Infrastructure.csproj", "{BCC5C55B-7561-4AEC-AA0C-4C777541C610}"
EndProject
Global
	GlobalSection(SolutionConfigurationPlatforms) = preSolution
		Debug|Any CPU = Debug|Any CPU
		Release|Any CPU = Release|Any CPU
	EndGlobalSection
	GlobalSection(ProjectConfigurationPlatforms) = postSolution
		{73C91DE8-492A-4D07-8EF0-7CEB372037D6}.Debug|Any CPU.ActiveCfg = Debug|Any CPU
		{73C91DE8-492A-4D07-8EF0-7CEB372037D6}.Debug|Any CPU.Build.0 = Debug|Any CPU
		{73C91DE8-492A-4D07-8EF0-7CEB372037D6}.Release|Any CPU.ActiveCfg = Release|Any CPU
		{73C91DE8-492A-4D07-8EF0-7CEB372037D6}.Release|Any CPU.Build.0 = Release|Any CPU
		{8C381EF8-5B31-48CC-A20C-9958AB1714FF}.Debug|Any CPU.ActiveCfg = Debug|Any CPU
		{8C381EF8-5B31-48CC-A20C-9958AB1714FF}.Debug|Any CPU.Build.0 = Debug|Any CPU
		{8C381EF8-5B31-48CC-A20C-9958AB1714FF}.Release|Any CPU.ActiveCfg = Release|Any CPU
		{8C381EF8-5B31-48CC-A20C-9958AB1714FF}.Release|Any CPU.Build.0 = Release|Any CPU
		{BCC5C55B-7561-4AEC-AA0C-4C777541C610}.Debug|Any CPU.ActiveCfg = Debug|Any CPU
		{BCC5C55B-7561-4AEC-AA0C-4C777541C610}.Debug|Any CPU.Build.0 = Debug|Any CPU
		{BCC5C55B-7561-4AEC-AA0C-4C777541C610}.Release|Any CPU.ActiveCfg = Release|Any CPU
		{BCC5C55B-7561-4AEC-AA0C-4C777541C610}.Release|Any CPU.Build.0 = Release|Any CPU
	EndGlobalSection
	GlobalSection(SolutionProperties) = preSolution
		HideSolutionNode = FALSE
	EndGlobalSection
	GlobalSection(ExtensibilityGlobals) = postSolution
		SolutionGuid = {FC875C58-AF85-4005-9AC4-C63B0B3062E0}
	EndGlobalSection
EndGlobal
